// !$*UTF8*$!
{
	archiveVersion = 1;
	classes = {
	};
	objectVersion = 50;
	objects = {

/* Begin PBXBuildFile section */
		5828AB4326AC59A50037B72B /* Dolby.mp4 in Resources */ = {isa = PBXBuildFile; fileRef = 5828AB4226AC59A50037B72B /* Dolby.mp4 */; };
		58852CD226AA8C2300587E33 /* ShowBookingAppApp.swift in Sources */ = {isa = PBXBuildFile; fileRef = 58852CD126AA8C2300587E33 /* ShowBookingAppApp.swift */; };
		58852CD426AA8C2300587E33 /* ContentView.swift in Sources */ = {isa = PBXBuildFile; fileRef = 58852CD326AA8C2300587E33 /* ContentView.swift */; };
		58852CD626AA8C2300587E33 /* Assets.xcassets in Resources */ = {isa = PBXBuildFile; fileRef = 58852CD526AA8C2300587E33 /* Assets.xcassets */; };
		58852CD926AA8C2300587E33 /* Preview Assets.xcassets in Resources */ = {isa = PBXBuildFile; fileRef = 58852CD826AA8C2300587E33 /* Preview Assets.xcassets */; };
		58852CE126AA9ED000587E33 /* CustomShape.swift in Sources */ = {isa = PBXBuildFile; fileRef = 58852CE026AA9ED000587E33 /* CustomShape.swift */; };
		58852CE326AB084C00587E33 /* SelectSeat.swift in Sources */ = {isa = PBXBuildFile; fileRef = 58852CE226AB084C00587E33 /* SelectSeat.swift */; };
/* End PBXBuildFile section */

/* Begin PBXFileReference section */
		5828AB4226AC59A50037B72B /* Dolby.mp4 */ = {isa = PBXFileReference; lastKnownFileType = file; path = Dolby.mp4; sourceTree = "<group>"; };
		58852CCE26AA8C2200587E33 /* ShowBookingApp.app */ = {isa = PBXFileReference; explicitFileType = wrapper.application; includeInIndex = 0; path = ShowBookingApp.app; sourceTree = BUILT_PRODUCTS_DIR; };
		58852CD126AA8C2300587E33 /* ShowBookingAppApp.swift */ = {isa = PBXFileReference; lastKnownFileType = sourcecode.swift; path = ShowBookingAppApp.swift; sourceTree = "<group>"; };
		58852CD326AA8C2300587E33 /* ContentView.swift */ = {isa = PBXFileReference; lastKnownFileType = sourcecode.swift; path = ContentView.swift; sourceTree = "<group>"; };
		58852CD526AA8C2300587E33 /* Assets.xcassets */ = {isa = PBXFileReference; lastKnownFileType = folder.assetcatalog; path = Assets.xcassets; sourceTree = "<group>"; };
		58852CD826AA8C2300587E33 /* Preview Assets.xcassets */ = {isa = PBXFileReference; lastKnownFileType = folder.assetcatalog; path = "Preview Assets.xcassets"; sourceTree = "<group>"; };
		58852CDA26AA8C2300587E33 /* Info.plist */ = {isa = PBXFileReference; lastKnownFileType = text.plist.xml; path = Info.plist; sourceTree = "<group>"; };
		58852CE026AA9ED000587E33 /* CustomShape.swift */ = {isa = PBXFileReference; lastKnownFileType = sourcecode.swift; path = CustomShape.swift; sourceTree = "<group>"; };
		58852CE226AB084C00587E33 /* SelectSeat.swift */ = {isa = PBXFileReference; lastKnownFileType = sourcecode.swift; path = SelectSeat.swift; sourceTree = "<group>"; };
/* End PBXFileReference section */

/* Begin PBXFrameworksBuildPhase section */
		58852CCB26AA8C2200587E33 /* Frameworks */ = {
			isa = PBXFrameworksBuildPhase;
			buildActionMask = 2147483647;
			files = (
			);
			runOnlyForDeploymentPostprocessing = 0;
		};
/* End PBXFrameworksBuildPhase section */

/* Begin PBXGroup section */
		5828AB3F26AC31710037B72B /* Cinema Demo */ = {
			isa = PBXGroup;
			children = (
				5828AB4226AC59A50037B72B /* Dolby.mp4 */,
			);
			path = "Cinema Demo";
			sourceTree = "<group>";
		};
		58852CC526AA8C2200587E33 = {
			isa = PBXGroup;
			children = (
				5828AB3F26AC31710037B72B /* Cinema Demo */,
				58852CD026AA8C2200587E33 /* ShowBookingApp */,
				58852CCF26AA8C2200587E33 /* Products */,
			);
			sourceTree = "<group>";
		};
		58852CCF26AA8C2200587E33 /* Products */ = {
			isa = PBXGroup;
			children = (
				58852CCE26AA8C2200587E33 /* ShowBookingApp.app */,
			);
			name = Products;
			sourceTree = "<group>";
		};
		58852CD026AA8C2200587E33 /* ShowBookingApp */ = {
			isa = PBXGroup;
			children = (
				58852CD126AA8C2300587E33 /* ShowBookingAppApp.swift */,
				58852CD326AA8C2300587E33 /* ContentView.swift */,
				58852CD526AA8C2300587E33 /* Assets.xcassets */,
				58852CDA26AA8C2300587E33 /* Info.plist */,
				58852CD726AA8C2300587E33 /* Preview Content */,
				58852CE026AA9ED000587E33 /* CustomShape.swift */,
				58852CE226AB084C00587E33 /* SelectSeat.swift */,
			);
			path = ShowBookingApp;
			sourceTree = "<group>";
		};
		58852CD726AA8C2300587E33 /* Preview Content */ = {
			isa = PBXGroup;
			children = (
				58852CD826AA8C2300587E33 /* Preview Assets.xcassets */,
			);
			path = "Preview Content";
			sourceTree = "<group>";
		};
/* End PBXGroup section */

/* Begin PBXNativeTarget section */
		58852CCD26AA8C2200587E33 /* ShowBookingApp */ = {
			isa = PBXNativeTarget;
			buildConfigurationList = 58852CDD26AA8C2300587E33 /* Build configuration list for PBXNativeTarget "ShowBookingApp" */;
			buildPhases = (
				58852CCA26AA8C2200587E33 /* Sources */,
				58852CCB26AA8C2200587E33 /* Frameworks */,
				58852CCC26AA8C2200587E33 /* Resources */,
			);
			buildRules = (
			);
			dependencies = (
			);
			name = ShowBookingApp;
			productName = ShowBookingApp;
			productReference = 58852CCE26AA8C2200587E33 /* ShowBookingApp.app */;
			productType = "com.apple.product-type.application";
		};
/* End PBXNativeTarget section */

/* Begin PBXProject section */
		58852CC626AA8C2200587E33 /* Project object */ = {
			isa = PBXProject;
			attributes = {
				LastSwiftUpdateCheck = 1250;
				LastUpgradeCheck = 1250;
				TargetAttributes = {
					58852CCD26AA8C2200587E33 = {
						CreatedOnToolsVersion = 12.5.1;
					};
				};
			};
			buildConfigurationList = 58852CC926AA8C2200587E33 /* Build configuration list for PBXProject "ShowBookingApp" */;
			compatibilityVersion = "Xcode 9.3";
			developmentRegion = en;
			hasScannedForEncodings = 0;
			knownRegions = (
				en,
				Base,
			);
			mainGroup = 58852CC526AA8C2200587E33;
			productRefGroup = 58852CCF26AA8C2200587E33 /* Products */;
			projectDirPath = "";
			projectRoot = "";
			targets = (
				58852CCD26AA8C2200587E33 /* ShowBookingApp */,
			);
		};
/* End PBXProject section */

/* Begin PBXResourcesBuildPhase section */
		58852CCC26AA8C2200587E33 /* Resources */ = {
			isa = PBXResourcesBuildPhase;
			buildActionMask = 2147483647;
			files = (
				58852CD926AA8C2300587E33 /* Preview Assets.xcassets in Resources */,
				5828AB4326AC59A50037B72B /* Dolby.mp4 in Resources */,
				58852CD626AA8C2300587E33 /* Assets.xcassets in Resources */,
			);
			runOnlyForDeploymentPostprocessing = 0;
		};
/* End PBXResourcesBuildPhase section */

/* Begin PBXSourcesBuildPhase section */
		58852CCA26AA8C2200587E33 /* Sources */ = {
			isa = PBXSourcesBuildPhase;
			buildActionMask = 2147483647;
			files = (
				58852CE326AB084C00587E33 /* SelectSeat.swift in Sources */,
				58852CD426AA8C2300587E33 /* ContentView.swift in Sources */,
				58852CD226AA8C2300587E33 /* ShowBookingAppApp.swift in Sources */,
				58852CE126AA9ED000587E33 /* CustomShape.swift in Sources */,
			);
			runOnlyForDeploymentPostprocessing = 0;
		};
/* End PBXSourcesBuildPhase section */

/* Begin XCBuildConfiguration section */
		58852CDB26AA8C2300587E33 /* Debug */ = {
			isa = XCBuildConfiguration;
			buildSettings = {
				ALWAYS_SEARCH_USER_PATHS = NO;
				CLANG_ANALYZER_NONNULL = YES;
				CLANG_ANALYZER_NUMBER_OBJECT_CONVERSION = YES_AGGRESSIVE;
				CLANG_CXX_LANGUAGE_STANDARD = "gnu++14";
				CLANG_CXX_LIBRARY = "libc++";
				CLANG_ENABLE_MODULES = YES;
				CLANG_ENABLE_OBJC_ARC = YES;
				CLANG_ENABLE_OBJC_WEAK = YES;
				CLANG_WARN_BLOCK_CAPTURE_AUTORELEASING = YES;
				CLANG_WARN_BOOL_CONVERSION = YES;
				CLANG_WARN_COMMA = YES;
				CLANG_WARN_CONSTANT_CONVERSION = YES;
				CLANG_WARN_DEPRECATED_OBJC_IMPLEMENTATIONS = YES;
				CLANG_WARN_DIRECT_OBJC_ISA_USAGE = YES_ERROR;
				CLANG_WARN_DOCUMENTATION_COMMENTS = YES;
				CLANG_WARN_EMPTY_BODY = YES;
				CLANG_WARN_ENUM_CONVERSION = YES;
				CLANG_WARN_INFINITE_RECURSION = YES;
				CLANG_WARN_INT_CONVERSION = YES;
				CLANG_WARN_NON_LITERAL_NULL_CONVERSION = YES;
				CLANG_WARN_OBJC_IMPLICIT_RETAIN_SELF = YES;
				CLANG_WARN_OBJC_LITERAL_CONVERSION = YES;
				CLANG_WARN_OBJC_ROOT_CLASS = YES_ERROR;
				CLANG_WARN_QUOTED_INCLUDE_IN_FRAMEWORK_HEADER = YES;
				CLANG_WARN_RANGE_LOOP_ANALYSIS = YES;
				CLANG_WARN_STRICT_PROTOTYPES = YES;
				CLANG_WARN_SUSPICIOUS_MOVE = YES;
				CLANG_WARN_UNGUARDED_AVAILABILITY = YES_AGGRESSIVE;
				CLANG_WARN_UNREACHABLE_CODE = YES;
				CLANG_WARN__DUPLICATE_METHOD_MATCH = YES;
				COPY_PHASE_STRIP = NO;
				DEBUG_INFORMATION_FORMAT = dwarf;
				ENABLE_STRICT_OBJC_MSGSEND = YES;
				ENABLE_TESTABILITY = YES;
				GCC_C_LANGUAGE_STANDARD = gnu11;
				GCC_DYNAMIC_NO_PIC = NO;
				GCC_NO_COMMON_BLOCKS = YES;
				GCC_OPTIMIZATION_LEVEL = 0;
				GCC_PREPROCESSOR_DEFINITIONS = (
					"DEBUG=1",
					"$(inherited)",
				);
				GCC_WARN_64_TO_32_BIT_CONVERSION = YES;
				GCC_WARN_ABOUT_RETURN_TYPE = YES_ERROR;
				GCC_WARN_UNDECLARED_SELECTOR = YES;
				GCC_WARN_UNINITIALIZED_AUTOS = YES_AGGRESSIVE;
				GCC_WARN_UNUSED_FUNCTION = YES;
				GCC_WARN_UNUSED_VARIABLE = YES;
				IPHONEOS_DEPLOYMENT_TARGET = 14.5;
				MTL_ENABLE_DEBUG_INFO = INCLUDE_SOURCE;
				MTL_FAST_MATH = YES;
				ONLY_ACTIVE_ARCH = YES;
				SDKROOT = iphoneos;
				SWIFT_ACTIVE_COMPILATION_CONDITIONS = DEBUG;
				SWIFT_OPTIMIZATION_LEVEL = "-Onone";
			};
			name = Debug;
		};
		58852CDC26AA8C2300587E33 /* Release */ = {
			isa = XCBuildConfiguration;
			buildSettings = {
				ALWAYS_SEARCH_USER_PATHS = NO;
				CLANG_ANALYZER_NONNULL = YES;
				CLANG_ANALYZER_NUMBER_OBJECT_CONVERSION = YES_AGGRESSIVE;
				CLANG_CXX_LANGUAGE_STANDARD = "gnu++14";
				CLANG_CXX_LIBRARY = "libc++";
				CLANG_ENABLE_MODULES = YES;
				CLANG_ENABLE_OBJC_ARC = YES;
				CLANG_ENABLE_OBJC_WEAK = YES;
				CLANG_WARN_BLOCK_CAPTURE_AUTORELEASING = YES;
				CLANG_WARN_BOOL_CONVERSION = YES;
				CLANG_WARN_COMMA = YES;
				CLANG_WARN_CONSTANT_CONVERSION = YES;
				CLANG_WARN_DEPRECATED_OBJC_IMPLEMENTATIONS = YES;
				CLANG_WARN_DIRECT_OBJC_ISA_USAGE = YES_ERROR;
				CLANG_WARN_DOCUMENTATION_COMMENTS = YES;
				CLANG_WARN_EMPTY_BODY = YES;
				CLANG_WARN_ENUM_CONVERSION = YES;
				CLANG_WARN_INFINITE_RECURSION = YES;
				CLANG_WARN_INT_CONVERSION = YES;
				CLANG_WARN_NON_LITERAL_NULL_CONVERSION = YES;
				CLANG_WARN_OBJC_IMPLICIT_RETAIN_SELF = YES;
				CLANG_WARN_OBJC_LITERAL_CONVERSION = YES;
				CLANG_WARN_OBJC_ROOT_CLASS = YES_ERROR;
				CLANG_WARN_QUOTED_INCLUDE_IN_FRAMEWORK_HEADER = YES;
				CLANG_WARN_RANGE_LOOP_ANALYSIS = YES;
				CLANG_WARN_STRICT_PROTOTYPES = YES;
				CLANG_WARN_SUSPICIOUS_MOVE = YES;
				CLANG_WARN_UNGUARDED_AVAILABILITY = YES_AGGRESSIVE;
				CLANG_WARN_UNREACHABLE_CODE = YES;
				CLANG_WARN__DUPLICATE_METHOD_MATCH = YES;
				COPY_PHASE_STRIP = NO;
				DEBUG_INFORMATION_FORMAT = "dwarf-with-dsym";
				ENABLE_NS_ASSERTIONS = NO;
				ENABLE_STRICT_OBJC_MSGSEND = YES;
				GCC_C_LANGUAGE_STANDARD = gnu11;
				GCC_NO_COMMON_BLOCKS = YES;
				GCC_WARN_64_TO_32_BIT_CONVERSION = YES;
				GCC_WARN_ABOUT_RETURN_TYPE = YES_ERROR;
				GCC_WARN_UNDECLARED_SELECTOR = YES;
				GCC_WARN_UNINITIALIZED_AUTOS = YES_AGGRESSIVE;
				GCC_WARN_UNUSED_FUNCTION = YES;
				GCC_WARN_UNUSED_VARIABLE = YES;
				IPHONEOS_DEPLOYMENT_TARGET = 14.5;
				MTL_ENABLE_DEBUG_INFO = NO;
				MTL_FAST_MATH = YES;
				SDKROOT = iphoneos;
				SWIFT_COMPILATION_MODE = wholemodule;
				SWIFT_OPTIMIZATION_LEVEL = "-O";
				VALIDATE_PRODUCT = YES;
			};
			name = Release;
		};
		58852CDE26AA8C2300587E33 /* Debug */ = {
			isa = XCBuildConfiguration;
			buildSettings = {
				ASSETCATALOG_COMPILER_APPICON_NAME = AppIcon;
				ASSETCATALOG_COMPILER_GLOBAL_ACCENT_COLOR_NAME = AccentColor;
				CODE_SIGN_STYLE = Automatic;
				DEVELOPMENT_ASSET_PATHS = "\"ShowBookingApp/Preview Content\"";
				DEVELOPMENT_TEAM = 8SMMUB52NF;
				ENABLE_PREVIEWS = YES;
				INFOPLIST_FILE = ShowBookingApp/Info.plist;
				IPHONEOS_DEPLOYMENT_TARGET = 14.0;
				LD_RUNPATH_SEARCH_PATHS = (
					"$(inherited)",
					"@executable_path/Frameworks",
				);
				PRODUCT_BUNDLE_IDENTIFIER = Aggressivecoder.ShowBookingApp;
				PRODUCT_NAME = "$(TARGET_NAME)";
				SWIFT_VERSION = 5.0;
				TARGETED_DEVICE_FAMILY = "1,2";
			};
			name = Debug;
		};
		58852CDF26AA8C2300587E33 /* Release */ = {
			isa = XCBuildConfiguration;
			buildSettings = {
				ASSETCATALOG_COMPILER_APPICON_NAME = AppIcon;
				ASSETCATALOG_COMPILER_GLOBAL_ACCENT_COLOR_NAME = AccentColor;
				CODE_SIGN_STYLE = Automatic;
				DEVELOPMENT_ASSET_PATHS = "\"ShowBookingApp/Preview Content\"";
				DEVELOPMENT_TEAM = 8SMMUB52NF;
				ENABLE_PREVIEWS = YES;
				INFOPLIST_FILE = ShowBookingApp/Info.plist;
				IPHONEOS_DEPLOYMENT_TARGET = 14.0;
				LD_RUNPATH_SEARCH_PATHS = (
					"$(inherited)",
					"@executable_path/Frameworks",
				);
				PRODUCT_BUNDLE_IDENTIFIER = Aggressivecoder.ShowBookingApp;
				PRODUCT_NAME = "$(TARGET_NAME)";
				SWIFT_VERSION = 5.0;
				TARGETED_DEVICE_FAMILY = "1,2";
			};
			name = Release;
		};
/* End XCBuildConfiguration section */

/* Begin XCConfigurationList section */
		58852CC926AA8C2200587E33 /* Build configuration list for PBXProject "ShowBookingApp" */ = {
			isa = XCConfigurationList;
			buildConfigurations = (
				58852CDB26AA8C2300587E33 /* Debug */,
				58852CDC26AA8C2300587E33 /* Release */,
			);
			defaultConfigurationIsVisible = 0;
			defaultConfigurationName = Release;
		};
		58852CDD26AA8C2300587E33 /* Build configuration list for PBXNativeTarget "ShowBookingApp" */ = {
			isa = XCConfigurationList;
			buildConfigurations = (
				58852CDE26AA8C2300587E33 /* Debug */,
				58852CDF26AA8C2300587E33 /* Release */,
			);
			defaultConfigurationIsVisible = 0;
			defaultConfigurationName = Release;
		};
/* End XCConfigurationList section */
	};
	rootObject = 58852CC626AA8C2200587E33 /* Project object */;
}
